// !$*UTF8*$!
{
	archiveVersion = 1;
	classes = {
	};
	objectVersion = 46;
	objects = {

/* Begin PBXBuildFile section */
		08056CB01992F0E7009F115B /* ETF.cpp in Sources */ = {isa = PBXBuildFile; fileRef = 08056C951992F0E7009F115B /* ETF.cpp */; };
		08056CB11992F0E7009F115B /* fdog.cpp in Sources */ = {isa = PBXBuildFile; fileRef = 08056C961992F0E7009F115B /* fdog.cpp */; };
		08056CB21992F0E7009F115B /* Calibration.cpp in Sources */ = {isa = PBXBuildFile; fileRef = 08056CA51992F0E7009F115B /* Calibration.cpp */; };
		08056CB31992F0E7009F115B /* ContourFinder.cpp in Sources */ = {isa = PBXBuildFile; fileRef = 08056CA61992F0E7009F115B /* ContourFinder.cpp */; };
		08056CB41992F0E7009F115B /* Distance.cpp in Sources */ = {isa = PBXBuildFile; fileRef = 08056CA71992F0E7009F115B /* Distance.cpp */; };
		08056CB51992F0E7009F115B /* Flow.cpp in Sources */ = {isa = PBXBuildFile; fileRef = 08056CA81992F0E7009F115B /* Flow.cpp */; };
		08056CB61992F0E7009F115B /* Helpers.cpp in Sources */ = {isa = PBXBuildFile; fileRef = 08056CA91992F0E7009F115B /* Helpers.cpp */; };
		08056CB71992F0E7009F115B /* ObjectFinder.cpp in Sources */ = {isa = PBXBuildFile; fileRef = 08056CAA1992F0E7009F115B /* ObjectFinder.cpp */; };
		08056CB81992F0E7009F115B /* RunningBackground.cpp in Sources */ = {isa = PBXBuildFile; fileRef = 08056CAB1992F0E7009F115B /* RunningBackground.cpp */; };
		08056CB91992F0E7009F115B /* Tracker.cpp in Sources */ = {isa = PBXBuildFile; fileRef = 08056CAC1992F0E7009F115B /* Tracker.cpp */; };
		08056CBA1992F0E7009F115B /* Utilities.cpp in Sources */ = {isa = PBXBuildFile; fileRef = 08056CAD1992F0E7009F115B /* Utilities.cpp */; };
		08056CBB1992F0E7009F115B /* Wrappers.cpp in Sources */ = {isa = PBXBuildFile; fileRef = 08056CAE1992F0E7009F115B /* Wrappers.cpp */; };
		08056CBC1992F0E7009F115B /* opencv.a in Frameworks */ = {isa = PBXBuildFile; fileRef = 08056CAF1992F0E7009F115B /* opencv.a */; };
		08056DC61992F1D8009F115B /* ofxCvColorImage.cpp in Sources */ = {isa = PBXBuildFile; fileRef = 08056CC11992F1D8009F115B /* ofxCvColorImage.cpp */; };
		08056DC71992F1D8009F115B /* ofxCvContourFinder.cpp in Sources */ = {isa = PBXBuildFile; fileRef = 08056CC41992F1D8009F115B /* ofxCvContourFinder.cpp */; };
		08056DC81992F1D8009F115B /* ofxCvFloatImage.cpp in Sources */ = {isa = PBXBuildFile; fileRef = 08056CC61992F1D8009F115B /* ofxCvFloatImage.cpp */; };
		08056DC91992F1D8009F115B /* ofxCvGrayscaleImage.cpp in Sources */ = {isa = PBXBuildFile; fileRef = 08056CC81992F1D8009F115B /* ofxCvGrayscaleImage.cpp */; };
		08056DCA1992F1D8009F115B /* ofxCvHaarFinder.cpp in Sources */ = {isa = PBXBuildFile; fileRef = 08056CCA1992F1D8009F115B /* ofxCvHaarFinder.cpp */; };
		08056DCB1992F1D8009F115B /* ofxCvImage.cpp in Sources */ = {isa = PBXBuildFile; fileRef = 08056CCC1992F1D8009F115B /* ofxCvImage.cpp */; };
		08056DCC1992F1D8009F115B /* ofxCvShortImage.cpp in Sources */ = {isa = PBXBuildFile; fileRef = 08056CCE1992F1D8009F115B /* ofxCvShortImage.cpp */; };
		08056DCD1992F1D8009F115B /* opencv.a in Frameworks */ = {isa = PBXBuildFile; fileRef = 08056D981992F1D8009F115B /* opencv.a */; };
		08056DE11992F273009F115B /* ofxBaseGui.cpp in Sources */ = {isa = PBXBuildFile; fileRef = 08056DD01992F273009F115B /* ofxBaseGui.cpp */; };
		08056DE21992F273009F115B /* ofxButton.cpp in Sources */ = {isa = PBXBuildFile; fileRef = 08056DD21992F273009F115B /* ofxButton.cpp */; };
		08056DE31992F273009F115B /* ofxGuiGroup.cpp in Sources */ = {isa = PBXBuildFile; fileRef = 08056DD51992F273009F115B /* ofxGuiGroup.cpp */; };
		08056DE41992F273009F115B /* ofxLabel.cpp in Sources */ = {isa = PBXBuildFile; fileRef = 08056DD71992F273009F115B /* ofxLabel.cpp */; };
		08056DE51992F273009F115B /* ofxPanel.cpp in Sources */ = {isa = PBXBuildFile; fileRef = 08056DD91992F273009F115B /* ofxPanel.cpp */; };
		08056DE61992F273009F115B /* ofxSlider.cpp in Sources */ = {isa = PBXBuildFile; fileRef = 08056DDB1992F273009F115B /* ofxSlider.cpp */; };
		08056DE71992F273009F115B /* ofxSliderGroup.cpp in Sources */ = {isa = PBXBuildFile; fileRef = 08056DDD1992F273009F115B /* ofxSliderGroup.cpp */; };
		08056DE81992F273009F115B /* ofxToggle.cpp in Sources */ = {isa = PBXBuildFile; fileRef = 08056DDF1992F273009F115B /* ofxToggle.cpp */; };
		BBAB23CB13894F3D00AA2426 /* GLUT.framework in CopyFiles */ = {isa = PBXBuildFile; fileRef = BBAB23BE13894E4700AA2426 /* GLUT.framework */; };
		E4328149138ABC9F0047C5CB /* openFrameworksDebug.a in Frameworks */ = {isa = PBXBuildFile; fileRef = E4328148138ABC890047C5CB /* openFrameworksDebug.a */; };
		E45BE97B0E8CC7DD009D7055 /* AGL.framework in Frameworks */ = {isa = PBXBuildFile; fileRef = E45BE9710E8CC7DD009D7055 /* AGL.framework */; };
		E45BE97C0E8CC7DD009D7055 /* ApplicationServices.framework in Frameworks */ = {isa = PBXBuildFile; fileRef = E45BE9720E8CC7DD009D7055 /* ApplicationServices.framework */; };
		E45BE97D0E8CC7DD009D7055 /* AudioToolbox.framework in Frameworks */ = {isa = PBXBuildFile; fileRef = E45BE9730E8CC7DD009D7055 /* AudioToolbox.framework */; };
		E45BE97E0E8CC7DD009D7055 /* Carbon.framework in Frameworks */ = {isa = PBXBuildFile; fileRef = E45BE9740E8CC7DD009D7055 /* Carbon.framework */; };
		E45BE97F0E8CC7DD009D7055 /* CoreAudio.framework in Frameworks */ = {isa = PBXBuildFile; fileRef = E45BE9750E8CC7DD009D7055 /* CoreAudio.framework */; };
		E45BE9800E8CC7DD009D7055 /* CoreFoundation.framework in Frameworks */ = {isa = PBXBuildFile; fileRef = E45BE9760E8CC7DD009D7055 /* CoreFoundation.framework */; };
		E45BE9810E8CC7DD009D7055 /* CoreServices.framework in Frameworks */ = {isa = PBXBuildFile; fileRef = E45BE9770E8CC7DD009D7055 /* CoreServices.framework */; };
		E45BE9830E8CC7DD009D7055 /* OpenGL.framework in Frameworks */ = {isa = PBXBuildFile; fileRef = E45BE9790E8CC7DD009D7055 /* OpenGL.framework */; };
		E45BE9840E8CC7DD009D7055 /* QuickTime.framework in Frameworks */ = {isa = PBXBuildFile; fileRef = E45BE97A0E8CC7DD009D7055 /* QuickTime.framework */; };
		E4B69E200A3A1BDC003C02F2 /* main.cpp in Sources */ = {isa = PBXBuildFile; fileRef = E4B69E1D0A3A1BDC003C02F2 /* main.cpp */; };
		E4B69E210A3A1BDC003C02F2 /* ofApp.cpp in Sources */ = {isa = PBXBuildFile; fileRef = E4B69E1E0A3A1BDC003C02F2 /* ofApp.cpp */; };
		E4C2424710CC5A17004149E2 /* AppKit.framework in Frameworks */ = {isa = PBXBuildFile; fileRef = E4C2424410CC5A17004149E2 /* AppKit.framework */; };
		E4C2424810CC5A17004149E2 /* Cocoa.framework in Frameworks */ = {isa = PBXBuildFile; fileRef = E4C2424510CC5A17004149E2 /* Cocoa.framework */; };
		E4C2424910CC5A17004149E2 /* IOKit.framework in Frameworks */ = {isa = PBXBuildFile; fileRef = E4C2424610CC5A17004149E2 /* IOKit.framework */; };
		E4EB6799138ADC1D00A09F29 /* GLUT.framework in Frameworks */ = {isa = PBXBuildFile; fileRef = BBAB23BE13894E4700AA2426 /* GLUT.framework */; };
		E7E077E515D3B63C0020DFD4 /* CoreVideo.framework in Frameworks */ = {isa = PBXBuildFile; fileRef = E7E077E415D3B63C0020DFD4 /* CoreVideo.framework */; };
		E7E077E815D3B6510020DFD4 /* QTKit.framework in Frameworks */ = {isa = PBXBuildFile; fileRef = E7E077E715D3B6510020DFD4 /* QTKit.framework */; };
		E7F985F815E0DEA3003869B5 /* Accelerate.framework in Frameworks */ = {isa = PBXBuildFile; fileRef = E7F985F515E0DE99003869B5 /* Accelerate.framework */; };
/* End PBXBuildFile section */

/* Begin PBXContainerItemProxy section */
		E4328147138ABC890047C5CB /* PBXContainerItemProxy */ = {
			isa = PBXContainerItemProxy;
			containerPortal = E4328143138ABC890047C5CB /* openFrameworksLib.xcodeproj */;
			proxyType = 2;
			remoteGlobalIDString = E4B27C1510CBEB8E00536013;
			remoteInfo = openFrameworks;
		};
		E4EEB9AB138B136A00A80321 /* PBXContainerItemProxy */ = {
			isa = PBXContainerItemProxy;
			containerPortal = E4328143138ABC890047C5CB /* openFrameworksLib.xcodeproj */;
			proxyType = 1;
			remoteGlobalIDString = E4B27C1410CBEB8E00536013;
			remoteInfo = openFrameworks;
		};
/* End PBXContainerItemProxy section */

/* Begin PBXCopyFilesBuildPhase section */
		E4C2427710CC5ABF004149E2 /* CopyFiles */ = {
			isa = PBXCopyFilesBuildPhase;
			buildActionMask = 2147483647;
			dstPath = "";
			dstSubfolderSpec = 10;
			files = (
				BBAB23CB13894F3D00AA2426 /* GLUT.framework in CopyFiles */,
			);
			runOnlyForDeploymentPostprocessing = 0;
		};
/* End PBXCopyFilesBuildPhase section */

/* Begin PBXFileReference section */
		08056C8A1992F0E7009F115B /* ofxCv.h */ = {isa = PBXFileReference; lastKnownFileType = sourcecode.c.h; path = ofxCv.h; sourceTree = "<group>"; };
		08056C8C1992F0E7009F115B /* .gitignore */ = {isa = PBXFileReference; lastKnownFileType = text; path = .gitignore; sourceTree = "<group>"; };
		08056C901992F0E7009F115B /* ETF.h */ = {isa = PBXFileReference; lastKnownFileType = sourcecode.c.h; path = ETF.h; sourceTree = "<group>"; };
		08056C911992F0E7009F115B /* fdog.h */ = {isa = PBXFileReference; lastKnownFileType = sourcecode.c.h; path = fdog.h; sourceTree = "<group>"; };
		08056C921992F0E7009F115B /* imatrix.h */ = {isa = PBXFileReference; lastKnownFileType = sourcecode.c.h; path = imatrix.h; sourceTree = "<group>"; };
		08056C931992F0E7009F115B /* myvec.h */ = {isa = PBXFileReference; lastKnownFileType = sourcecode.c.h; path = myvec.h; sourceTree = "<group>"; };
		08056C951992F0E7009F115B /* ETF.cpp */ = {isa = PBXFileReference; lastKnownFileType = sourcecode.cpp.cpp; path = ETF.cpp; sourceTree = "<group>"; };
		08056C961992F0E7009F115B /* fdog.cpp */ = {isa = PBXFileReference; lastKnownFileType = sourcecode.cpp.cpp; path = fdog.cpp; sourceTree = "<group>"; };
		08056C9A1992F0E7009F115B /* Calibration.h */ = {isa = PBXFileReference; lastKnownFileType = sourcecode.c.h; path = Calibration.h; sourceTree = "<group>"; };
		08056C9B1992F0E7009F115B /* ContourFinder.h */ = {isa = PBXFileReference; lastKnownFileType = sourcecode.c.h; path = ContourFinder.h; sourceTree = "<group>"; };
		08056C9C1992F0E7009F115B /* Distance.h */ = {isa = PBXFileReference; lastKnownFileType = sourcecode.c.h; path = Distance.h; sourceTree = "<group>"; };
		08056C9D1992F0E7009F115B /* Flow.h */ = {isa = PBXFileReference; lastKnownFileType = sourcecode.c.h; path = Flow.h; sourceTree = "<group>"; };
		08056C9E1992F0E7009F115B /* Helpers.h */ = {isa = PBXFileReference; lastKnownFileType = sourcecode.c.h; path = Helpers.h; sourceTree = "<group>"; };
		08056C9F1992F0E7009F115B /* ObjectFinder.h */ = {isa = PBXFileReference; lastKnownFileType = sourcecode.c.h; path = ObjectFinder.h; sourceTree = "<group>"; };
		08056CA01992F0E7009F115B /* RunningBackground.h */ = {isa = PBXFileReference; lastKnownFileType = sourcecode.c.h; path = RunningBackground.h; sourceTree = "<group>"; };
		08056CA11992F0E7009F115B /* Tracker.h */ = {isa = PBXFileReference; lastKnownFileType = sourcecode.c.h; path = Tracker.h; sourceTree = "<group>"; };
		08056CA21992F0E7009F115B /* Utilities.h */ = {isa = PBXFileReference; lastKnownFileType = sourcecode.c.h; path = Utilities.h; sourceTree = "<group>"; };
		08056CA31992F0E7009F115B /* Wrappers.h */ = {isa = PBXFileReference; lastKnownFileType = sourcecode.c.h; path = Wrappers.h; sourceTree = "<group>"; };
		08056CA51992F0E7009F115B /* Calibration.cpp */ = {isa = PBXFileReference; lastKnownFileType = sourcecode.cpp.cpp; path = Calibration.cpp; sourceTree = "<group>"; };
		08056CA61992F0E7009F115B /* ContourFinder.cpp */ = {isa = PBXFileReference; lastKnownFileType = sourcecode.cpp.cpp; path = ContourFinder.cpp; sourceTree = "<group>"; };
		08056CA71992F0E7009F115B /* Distance.cpp */ = {isa = PBXFileReference; lastKnownFileType = sourcecode.cpp.cpp; path = Distance.cpp; sourceTree = "<group>"; };
		08056CA81992F0E7009F115B /* Flow.cpp */ = {isa = PBXFileReference; lastKnownFileType = sourcecode.cpp.cpp; path = Flow.cpp; sourceTree = "<group>"; };
		08056CA91992F0E7009F115B /* Helpers.cpp */ = {isa = PBXFileReference; lastKnownFileType = sourcecode.cpp.cpp; path = Helpers.cpp; sourceTree = "<group>"; };
		08056CAA1992F0E7009F115B /* ObjectFinder.cpp */ = {isa = PBXFileReference; lastKnownFileType = sourcecode.cpp.cpp; path = ObjectFinder.cpp; sourceTree = "<group>"; };
		08056CAB1992F0E7009F115B /* RunningBackground.cpp */ = {isa = PBXFileReference; lastKnownFileType = sourcecode.cpp.cpp; path = RunningBackground.cpp; sourceTree = "<group>"; };
		08056CAC1992F0E7009F115B /* Tracker.cpp */ = {isa = PBXFileReference; lastKnownFileType = sourcecode.cpp.cpp; path = Tracker.cpp; sourceTree = "<group>"; };
		08056CAD1992F0E7009F115B /* Utilities.cpp */ = {isa = PBXFileReference; lastKnownFileType = sourcecode.cpp.cpp; path = Utilities.cpp; sourceTree = "<group>"; };
		08056CAE1992F0E7009F115B /* Wrappers.cpp */ = {isa = PBXFileReference; lastKnownFileType = sourcecode.cpp.cpp; path = Wrappers.cpp; sourceTree = "<group>"; };
		08056CAF1992F0E7009F115B /* opencv.a */ = {isa = PBXFileReference; lastKnownFileType = archive.ar; name = opencv.a; path = ../../../addons/ofxOpenCv/libs/opencv/lib/osx/opencv.a; sourceTree = "<group>"; };
		08056CC01992F1D8009F115B /* ofxCvBlob.h */ = {isa = PBXFileReference; lastKnownFileType = sourcecode.c.h; path = ofxCvBlob.h; sourceTree = "<group>"; };
		08056CC11992F1D8009F115B /* ofxCvColorImage.cpp */ = {isa = PBXFileReference; lastKnownFileType = sourcecode.cpp.cpp; path = ofxCvColorImage.cpp; sourceTree = "<group>"; };
		08056CC21992F1D8009F115B /* ofxCvColorImage.h */ = {isa = PBXFileReference; lastKnownFileType = sourcecode.c.h; path = ofxCvColorImage.h; sourceTree = "<group>"; };
		08056CC31992F1D8009F115B /* ofxCvConstants.h */ = {isa = PBXFileReference; lastKnownFileType = sourcecode.c.h; path = ofxCvConstants.h; sourceTree = "<group>"; };
		08056CC41992F1D8009F115B /* ofxCvContourFinder.cpp */ = {isa = PBXFileReference; lastKnownFileType = sourcecode.cpp.cpp; path = ofxCvContourFinder.cpp; sourceTree = "<group>"; };
		08056CC51992F1D8009F115B /* ofxCvContourFinder.h */ = {isa = PBXFileReference; lastKnownFileType = sourcecode.c.h; path = ofxCvContourFinder.h; sourceTree = "<group>"; };
		08056CC61992F1D8009F115B /* ofxCvFloatImage.cpp */ = {isa = PBXFileReference; lastKnownFileType = sourcecode.cpp.cpp; path = ofxCvFloatImage.cpp; sourceTree = "<group>"; };
		08056CC71992F1D8009F115B /* ofxCvFloatImage.h */ = {isa = PBXFileReference; lastKnownFileType = sourcecode.c.h; path = ofxCvFloatImage.h; sourceTree = "<group>"; };
		08056CC81992F1D8009F115B /* ofxCvGrayscaleImage.cpp */ = {isa = PBXFileReference; lastKnownFileType = sourcecode.cpp.cpp; path = ofxCvGrayscaleImage.cpp; sourceTree = "<group>"; };
		08056CC91992F1D8009F115B /* ofxCvGrayscaleImage.h */ = {isa = PBXFileReference; lastKnownFileType = sourcecode.c.h; path = ofxCvGrayscaleImage.h; sourceTree = "<group>"; };
		08056CCA1992F1D8009F115B /* ofxCvHaarFinder.cpp */ = {isa = PBXFileReference; lastKnownFileType = sourcecode.cpp.cpp; path = ofxCvHaarFinder.cpp; sourceTree = "<group>"; };
		08056CCB1992F1D8009F115B /* ofxCvHaarFinder.h */ = {isa = PBXFileReference; lastKnownFileType = sourcecode.c.h; path = ofxCvHaarFinder.h; sourceTree = "<group>"; };
		08056CCC1992F1D8009F115B /* ofxCvImage.cpp */ = {isa = PBXFileReference; lastKnownFileType = sourcecode.cpp.cpp; path = ofxCvImage.cpp; sourceTree = "<group>"; };
		08056CCD1992F1D8009F115B /* ofxCvImage.h */ = {isa = PBXFileReference; lastKnownFileType = sourcecode.c.h; path = ofxCvImage.h; sourceTree = "<group>"; };
		08056CCE1992F1D8009F115B /* ofxCvShortImage.cpp */ = {isa = PBXFileReference; lastKnownFileType = sourcecode.cpp.cpp; path = ofxCvShortImage.cpp; sourceTree = "<group>"; };
		08056CCF1992F1D8009F115B /* ofxCvShortImage.h */ = {isa = PBXFileReference; lastKnownFileType = sourcecode.c.h; path = ofxCvShortImage.h; sourceTree = "<group>"; };
		08056CD01992F1D8009F115B /* ofxOpenCv.h */ = {isa = PBXFileReference; lastKnownFileType = sourcecode.c.h; path = ofxOpenCv.h; sourceTree = "<group>"; };
		08056CD51992F1D8009F115B /* cv.h */ = {isa = PBXFileReference; lastKnownFileType = sourcecode.c.h; path = cv.h; sourceTree = "<group>"; };
		08056CD61992F1D8009F115B /* cv.hpp */ = {isa = PBXFileReference; lastKnownFileType = sourcecode.cpp.h; path = cv.hpp; sourceTree = "<group>"; };
		08056CD71992F1D8009F115B /* cvaux.h */ = {isa = PBXFileReference; lastKnownFileType = sourcecode.c.h; path = cvaux.h; sourceTree = "<group>"; };
		08056CD81992F1D8009F115B /* cvaux.hpp */ = {isa = PBXFileReference; lastKnownFileType = sourcecode.cpp.h; path = cvaux.hpp; sourceTree = "<group>"; };
		08056CD91992F1D8009F115B /* cvwimage.h */ = {isa = PBXFileReference; lastKnownFileType = sourcecode.c.h; path = cvwimage.h; sourceTree = "<group>"; };
		08056CDA1992F1D8009F115B /* cxcore.h */ = {isa = PBXFileReference; lastKnownFileType = sourcecode.c.h; path = cxcore.h; sourceTree = "<group>"; };
		08056CDB1992F1D8009F115B /* cxcore.hpp */ = {isa = PBXFileReference; lastKnownFileType = sourcecode.cpp.h; path = cxcore.hpp; sourceTree = "<group>"; };
		08056CDC1992F1D8009F115B /* cxeigen.hpp */ = {isa = PBXFileReference; lastKnownFileType = sourcecode.cpp.h; path = cxeigen.hpp; sourceTree = "<group>"; };
		08056CDD1992F1D8009F115B /* cxmisc.h */ = {isa = PBXFileReference; lastKnownFileType = sourcecode.c.h; path = cxmisc.h; sourceTree = "<group>"; };
		08056CDE1992F1D8009F115B /* highgui.h */ = {isa = PBXFileReference; lastKnownFileType = sourcecode.c.h; path = highgui.h; sourceTree = "<group>"; };
		08056CDF1992F1D8009F115B /* ml.h */ = {isa = PBXFileReference; lastKnownFileType = sourcecode.c.h; path = ml.h; sourceTree = "<group>"; };
		08056CE21992F1D8009F115B /* calib3d.hpp */ = {isa = PBXFileReference; lastKnownFileType = sourcecode.cpp.h; path = calib3d.hpp; sourceTree = "<group>"; };
		08056CE41992F1D8009F115B /* contrib.hpp */ = {isa = PBXFileReference; lastKnownFileType = sourcecode.cpp.h; path = contrib.hpp; sourceTree = "<group>"; };
		08056CE51992F1D8009F115B /* retina.hpp */ = {isa = PBXFileReference; lastKnownFileType = sourcecode.cpp.h; path = retina.hpp; sourceTree = "<group>"; };
		08056CE71992F1D8009F115B /* core.hpp */ = {isa = PBXFileReference; lastKnownFileType = sourcecode.cpp.h; path = core.hpp; sourceTree = "<group>"; };
		08056CE81992F1D8009F115B /* core_c.h */ = {isa = PBXFileReference; lastKnownFileType = sourcecode.c.h; path = core_c.h; sourceTree = "<group>"; };
		08056CE91992F1D8009F115B /* eigen.hpp */ = {isa = PBXFileReference; lastKnownFileType = sourcecode.cpp.h; path = eigen.hpp; sourceTree = "<group>"; };
		08056CEA1992F1D8009F115B /* internal.hpp */ = {isa = PBXFileReference; lastKnownFileType = sourcecode.cpp.h; path = internal.hpp; sourceTree = "<group>"; };
		08056CEB1992F1D8009F115B /* mat.hpp */ = {isa = PBXFileReference; lastKnownFileType = sourcecode.cpp.h; path = mat.hpp; sourceTree = "<group>"; };
		08056CEC1992F1D8009F115B /* operations.hpp */ = {isa = PBXFileReference; lastKnownFileType = sourcecode.cpp.h; path = operations.hpp; sourceTree = "<group>"; };
		08056CED1992F1D8009F115B /* types_c.h */ = {isa = PBXFileReference; lastKnownFileType = sourcecode.c.h; path = types_c.h; sourceTree = "<group>"; };
		08056CEE1992F1D8009F115B /* version.hpp */ = {isa = PBXFileReference; lastKnownFileType = sourcecode.cpp.h; path = version.hpp; sourceTree = "<group>"; };
		08056CEF1992F1D8009F115B /* wimage.hpp */ = {isa = PBXFileReference; lastKnownFileType = sourcecode.cpp.h; path = wimage.hpp; sourceTree = "<group>"; };
		08056CF11992F1D8009F115B /* features2d.hpp */ = {isa = PBXFileReference; lastKnownFileType = sourcecode.cpp.h; path = features2d.hpp; sourceTree = "<group>"; };
		08056CF31992F1D8009F115B /* all_indices.h */ = {isa = PBXFileReference; lastKnownFileType = sourcecode.c.h; path = all_indices.h; sourceTree = "<group>"; };
		08056CF41992F1D8009F115B /* allocator.h */ = {isa = PBXFileReference; lastKnownFileType = sourcecode.c.h; path = allocator.h; sourceTree = "<group>"; };
		08056CF51992F1D8009F115B /* any.h */ = {isa = PBXFileReference; lastKnownFileType = sourcecode.c.h; path = any.h; sourceTree = "<group>"; };
		08056CF61992F1D8009F115B /* autotuned_index.h */ = {isa = PBXFileReference; lastKnownFileType = sourcecode.c.h; path = autotuned_index.h; sourceTree = "<group>"; };
		08056CF71992F1D8009F115B /* composite_index.h */ = {isa = PBXFileReference; lastKnownFileType = sourcecode.c.h; path = composite_index.h; sourceTree = "<group>"; };
		08056CF81992F1D8009F115B /* config.h */ = {isa = PBXFileReference; lastKnownFileType = sourcecode.c.h; path = config.h; sourceTree = "<group>"; };
		08056CF91992F1D8009F115B /* defines.h */ = {isa = PBXFileReference; lastKnownFileType = sourcecode.c.h; path = defines.h; sourceTree = "<group>"; };
		08056CFA1992F1D8009F115B /* dist.h */ = {isa = PBXFileReference; lastKnownFileType = sourcecode.c.h; path = dist.h; sourceTree = "<group>"; };
		08056CFB1992F1D8009F115B /* dummy.h */ = {isa = PBXFileReference; lastKnownFileType = sourcecode.c.h; path = dummy.h; sourceTree = "<group>"; };
		08056CFC1992F1D8009F115B /* dynamic_bitset.h */ = {isa = PBXFileReference; lastKnownFileType = sourcecode.c.h; path = dynamic_bitset.h; sourceTree = "<group>"; };
		08056CFD1992F1D8009F115B /* flann.hpp */ = {isa = PBXFileReference; lastKnownFileType = sourcecode.cpp.h; path = flann.hpp; sourceTree = "<group>"; };
		08056CFE1992F1D8009F115B /* flann_base.hpp */ = {isa = PBXFileReference; lastKnownFileType = sourcecode.cpp.h; path = flann_base.hpp; sourceTree = "<group>"; };
		08056CFF1992F1D8009F115B /* general.h */ = {isa = PBXFileReference; lastKnownFileType = sourcecode.c.h; path = general.h; sourceTree = "<group>"; };
		08056D001992F1D8009F115B /* ground_truth.h */ = {isa = PBXFileReference; lastKnownFileType = sourcecode.c.h; path = ground_truth.h; sourceTree = "<group>"; };
		08056D011992F1D8009F115B /* hdf5.h */ = {isa = PBXFileReference; lastKnownFileType = sourcecode.c.h; path = hdf5.h; sourceTree = "<group>"; };
		08056D021992F1D8009F115B /* heap.h */ = {isa = PBXFileReference; lastKnownFileType = sourcecode.c.h; path = heap.h; sourceTree = "<group>"; };
		08056D031992F1D8009F115B /* hierarchical_clustering_index.h */ = {isa = PBXFileReference; lastKnownFileType = sourcecode.c.h; path = hierarchical_clustering_index.h; sourceTree = "<group>"; };
		08056D041992F1D8009F115B /* index_testing.h */ = {isa = PBXFileReference; lastKnownFileType = sourcecode.c.h; path = index_testing.h; sourceTree = "<group>"; };
		08056D051992F1D8009F115B /* kdtree_index.h */ = {isa = PBXFileReference; lastKnownFileType = sourcecode.c.h; path = kdtree_index.h; sourceTree = "<group>"; };
		08056D061992F1D8009F115B /* kdtree_single_index.h */ = {isa = PBXFileReference; lastKnownFileType = sourcecode.c.h; path = kdtree_single_index.h; sourceTree = "<group>"; };
		08056D071992F1D8009F115B /* kmeans_index.h */ = {isa = PBXFileReference; lastKnownFileType = sourcecode.c.h; path = kmeans_index.h; sourceTree = "<group>"; };
		08056D081992F1D8009F115B /* linear_index.h */ = {isa = PBXFileReference; lastKnownFileType = sourcecode.c.h; path = linear_index.h; sourceTree = "<group>"; };
		08056D091992F1D8009F115B /* logger.h */ = {isa = PBXFileReference; lastKnownFileType = sourcecode.c.h; path = logger.h; sourceTree = "<group>"; };
		08056D0A1992F1D8009F115B /* lsh_index.h */ = {isa = PBXFileReference; lastKnownFileType = sourcecode.c.h; path = lsh_index.h; sourceTree = "<group>"; };
		08056D0B1992F1D8009F115B /* lsh_table.h */ = {isa = PBXFileReference; lastKnownFileType = sourcecode.c.h; path = lsh_table.h; sourceTree = "<group>"; };
		08056D0C1992F1D8009F115B /* matrix.h */ = {isa = PBXFileReference; lastKnownFileType = sourcecode.c.h; path = matrix.h; sourceTree = "<group>"; };
		08056D0D1992F1D8009F115B /* miniflann.hpp */ = {isa = PBXFileReference; lastKnownFileType = sourcecode.cpp.h; path = miniflann.hpp; sourceTree = "<group>"; };
		08056D0E1992F1D8009F115B /* nn_index.h */ = {isa = PBXFileReference; lastKnownFileType = sourcecode.c.h; path = nn_index.h; sourceTree = "<group>"; };
		08056D0F1992F1D8009F115B /* object_factory.h */ = {isa = PBXFileReference; lastKnownFileType = sourcecode.c.h; path = object_factory.h; sourceTree = "<group>"; };
		08056D101992F1D8009F115B /* params.h */ = {isa = PBXFileReference; lastKnownFileType = sourcecode.c.h; path = params.h; sourceTree = "<group>"; };
		08056D111992F1D8009F115B /* random.h */ = {isa = PBXFileReference; lastKnownFileType = sourcecode.c.h; path = random.h; sourceTree = "<group>"; };
		08056D121992F1D8009F115B /* result_set.h */ = {isa = PBXFileReference; lastKnownFileType = sourcecode.c.h; path = result_set.h; sourceTree = "<group>"; };
		08056D131992F1D8009F115B /* sampling.h */ = {isa = PBXFileReference; lastKnownFileType = sourcecode.c.h; path = sampling.h; sourceTree = "<group>"; };
		08056D141992F1D8009F115B /* saving.h */ = {isa = PBXFileReference; lastKnownFileType = sourcecode.c.h; path = saving.h; sourceTree = "<group>"; };
		08056D151992F1D8009F115B /* simplex_downhill.h */ = {isa = PBXFileReference; lastKnownFileType = sourcecode.c.h; path = simplex_downhill.h; sourceTree = "<group>"; };
		08056D161992F1D8009F115B /* timer.h */ = {isa = PBXFileReference; lastKnownFileType = sourcecode.c.h; path = timer.h; sourceTree = "<group>"; };
		08056D181992F1D8009F115B /* devmem2d.hpp */ = {isa = PBXFileReference; lastKnownFileType = sourcecode.cpp.h; path = devmem2d.hpp; sourceTree = "<group>"; };
		08056D191992F1D8009F115B /* gpu.hpp */ = {isa = PBXFileReference; lastKnownFileType = sourcecode.cpp.h; path = gpu.hpp; sourceTree = "<group>"; };
		08056D1A1992F1D8009F115B /* gpumat.hpp */ = {isa = PBXFileReference; lastKnownFileType = sourcecode.cpp.h; path = gpumat.hpp; sourceTree = "<group>"; };
		08056D1B1992F1D8009F115B /* matrix_operations.hpp */ = {isa = PBXFileReference; lastKnownFileType = sourcecode.cpp.h; path = matrix_operations.hpp; sourceTree = "<group>"; };
		08056D1C1992F1D8009F115B /* stream_accessor.hpp */ = {isa = PBXFileReference; lastKnownFileType = sourcecode.cpp.h; path = stream_accessor.hpp; sourceTree = "<group>"; };
		08056D1E1992F1D8009F115B /* highgui.hpp */ = {isa = PBXFileReference; lastKnownFileType = sourcecode.cpp.h; path = highgui.hpp; sourceTree = "<group>"; };
		08056D1F1992F1D8009F115B /* highgui_c.h */ = {isa = PBXFileReference; lastKnownFileType = sourcecode.c.h; path = highgui_c.h; sourceTree = "<group>"; };
		08056D211992F1D8009F115B /* imgproc.hpp */ = {isa = PBXFileReference; lastKnownFileType = sourcecode.cpp.h; path = imgproc.hpp; sourceTree = "<group>"; };
		08056D221992F1D8009F115B /* imgproc_c.h */ = {isa = PBXFileReference; lastKnownFileType = sourcecode.c.h; path = imgproc_c.h; sourceTree = "<group>"; };
		08056D231992F1D8009F115B /* types_c.h */ = {isa = PBXFileReference; lastKnownFileType = sourcecode.c.h; path = types_c.h; sourceTree = "<group>"; };
		08056D251992F1D8009F115B /* blobtrack.hpp */ = {isa = PBXFileReference; lastKnownFileType = sourcecode.cpp.h; path = blobtrack.hpp; sourceTree = "<group>"; };
		08056D261992F1D8009F115B /* compat.hpp */ = {isa = PBXFileReference; lastKnownFileType = sourcecode.cpp.h; path = compat.hpp; sourceTree = "<group>"; };
		08056D271992F1D8009F115B /* legacy.hpp */ = {isa = PBXFileReference; lastKnownFileType = sourcecode.cpp.h; path = legacy.hpp; sourceTree = "<group>"; };
		08056D281992F1D8009F115B /* streams.hpp */ = {isa = PBXFileReference; lastKnownFileType = sourcecode.cpp.h; path = streams.hpp; sourceTree = "<group>"; };
		08056D2A1992F1D8009F115B /* ml.hpp */ = {isa = PBXFileReference; lastKnownFileType = sourcecode.cpp.h; path = ml.hpp; sourceTree = "<group>"; };
		08056D2C1992F1D8009F115B /* objdetect.hpp */ = {isa = PBXFileReference; lastKnownFileType = sourcecode.cpp.h; path = objdetect.hpp; sourceTree = "<group>"; };
		08056D2D1992F1D8009F115B /* opencv.hpp */ = {isa = PBXFileReference; lastKnownFileType = sourcecode.cpp.h; path = opencv.hpp; sourceTree = "<group>"; };
		08056D2F1992F1D8009F115B /* ts.hpp */ = {isa = PBXFileReference; lastKnownFileType = sourcecode.cpp.h; path = ts.hpp; sourceTree = "<group>"; };
		08056D301992F1D8009F115B /* ts_gtest.h */ = {isa = PBXFileReference; lastKnownFileType = sourcecode.c.h; path = ts_gtest.h; sourceTree = "<group>"; };
		08056D321992F1D8009F115B /* background_segm.hpp */ = {isa = PBXFileReference; lastKnownFileType = sourcecode.cpp.h; path = background_segm.hpp; sourceTree = "<group>"; };
		08056D331992F1D8009F115B /* tracking.hpp */ = {isa = PBXFileReference; lastKnownFileType = sourcecode.cpp.h; path = tracking.hpp; sourceTree = "<group>"; };
		08056D341992F1D8009F115B /* video.hpp */ = {isa = PBXFileReference; lastKnownFileType = sourcecode.cpp.h; path = video.hpp; sourceTree = "<group>"; };
		08056D981992F1D8009F115B /* opencv.a */ = {isa = PBXFileReference; lastKnownFileType = archive.ar; path = opencv.a; sourceTree = "<group>"; };
		08056DD01992F273009F115B /* ofxBaseGui.cpp */ = {isa = PBXFileReference; lastKnownFileType = sourcecode.cpp.cpp; path = ofxBaseGui.cpp; sourceTree = "<group>"; };
		08056DD11992F273009F115B /* ofxBaseGui.h */ = {isa = PBXFileReference; lastKnownFileType = sourcecode.c.h; path = ofxBaseGui.h; sourceTree = "<group>"; };
		08056DD21992F273009F115B /* ofxButton.cpp */ = {isa = PBXFileReference; lastKnownFileType = sourcecode.cpp.cpp; path = ofxButton.cpp; sourceTree = "<group>"; };
		08056DD31992F273009F115B /* ofxButton.h */ = {isa = PBXFileReference; lastKnownFileType = sourcecode.c.h; path = ofxButton.h; sourceTree = "<group>"; };
		08056DD41992F273009F115B /* ofxGui.h */ = {isa = PBXFileReference; lastKnownFileType = sourcecode.c.h; path = ofxGui.h; sourceTree = "<group>"; };
		08056DD51992F273009F115B /* ofxGuiGroup.cpp */ = {isa = PBXFileReference; lastKnownFileType = sourcecode.cpp.cpp; path = ofxGuiGroup.cpp; sourceTree = "<group>"; };
		08056DD61992F273009F115B /* ofxGuiGroup.h */ = {isa = PBXFileReference; lastKnownFileType = sourcecode.c.h; path = ofxGuiGroup.h; sourceTree = "<group>"; };
		08056DD71992F273009F115B /* ofxLabel.cpp */ = {isa = PBXFileReference; lastKnownFileType = sourcecode.cpp.cpp; path = ofxLabel.cpp; sourceTree = "<group>"; };
		08056DD81992F273009F115B /* ofxLabel.h */ = {isa = PBXFileReference; lastKnownFileType = sourcecode.c.h; path = ofxLabel.h; sourceTree = "<group>"; };
		08056DD91992F273009F115B /* ofxPanel.cpp */ = {isa = PBXFileReference; lastKnownFileType = sourcecode.cpp.cpp; path = ofxPanel.cpp; sourceTree = "<group>"; };
		08056DDA1992F273009F115B /* ofxPanel.h */ = {isa = PBXFileReference; lastKnownFileType = sourcecode.c.h; path = ofxPanel.h; sourceTree = "<group>"; };
		08056DDB1992F273009F115B /* ofxSlider.cpp */ = {isa = PBXFileReference; lastKnownFileType = sourcecode.cpp.cpp; path = ofxSlider.cpp; sourceTree = "<group>"; };
		08056DDC1992F273009F115B /* ofxSlider.h */ = {isa = PBXFileReference; lastKnownFileType = sourcecode.c.h; path = ofxSlider.h; sourceTree = "<group>"; };
		08056DDD1992F273009F115B /* ofxSliderGroup.cpp */ = {isa = PBXFileReference; lastKnownFileType = sourcecode.cpp.cpp; path = ofxSliderGroup.cpp; sourceTree = "<group>"; };
		08056DDE1992F273009F115B /* ofxSliderGroup.h */ = {isa = PBXFileReference; lastKnownFileType = sourcecode.c.h; path = ofxSliderGroup.h; sourceTree = "<group>"; };
		08056DDF1992F273009F115B /* ofxToggle.cpp */ = {isa = PBXFileReference; lastKnownFileType = sourcecode.cpp.cpp; path = ofxToggle.cpp; sourceTree = "<group>"; };
		08056DE01992F273009F115B /* ofxToggle.h */ = {isa = PBXFileReference; lastKnownFileType = sourcecode.c.h; path = ofxToggle.h; sourceTree = "<group>"; };
		BBAB23BE13894E4700AA2426 /* GLUT.framework */ = {isa = PBXFileReference; lastKnownFileType = wrapper.framework; name = GLUT.framework; path = ../../../libs/glut/lib/osx/GLUT.framework; sourceTree = "<group>"; };
		E4328143138ABC890047C5CB /* openFrameworksLib.xcodeproj */ = {isa = PBXFileReference; lastKnownFileType = "wrapper.pb-project"; name = openFrameworksLib.xcodeproj; path = ../../../libs/openFrameworksCompiled/project/osx/openFrameworksLib.xcodeproj; sourceTree = SOURCE_ROOT; };
		E45BE9710E8CC7DD009D7055 /* AGL.framework */ = {isa = PBXFileReference; lastKnownFileType = wrapper.framework; name = AGL.framework; path = /System/Library/Frameworks/AGL.framework; sourceTree = "<absolute>"; };
		E45BE9720E8CC7DD009D7055 /* ApplicationServices.framework */ = {isa = PBXFileReference; lastKnownFileType = wrapper.framework; name = ApplicationServices.framework; path = /System/Library/Frameworks/ApplicationServices.framework; sourceTree = "<absolute>"; };
		E45BE9730E8CC7DD009D7055 /* AudioToolbox.framework */ = {isa = PBXFileReference; lastKnownFileType = wrapper.framework; name = AudioToolbox.framework; path = /System/Library/Frameworks/AudioToolbox.framework; sourceTree = "<absolute>"; };
		E45BE9740E8CC7DD009D7055 /* Carbon.framework */ = {isa = PBXFileReference; lastKnownFileType = wrapper.framework; name = Carbon.framework; path = /System/Library/Frameworks/Carbon.framework; sourceTree = "<absolute>"; };
		E45BE9750E8CC7DD009D7055 /* CoreAudio.framework */ = {isa = PBXFileReference; lastKnownFileType = wrapper.framework; name = CoreAudio.framework; path = /System/Library/Frameworks/CoreAudio.framework; sourceTree = "<absolute>"; };
		E45BE9760E8CC7DD009D7055 /* CoreFoundation.framework */ = {isa = PBXFileReference; lastKnownFileType = wrapper.framework; name = CoreFoundation.framework; path = /System/Library/Frameworks/CoreFoundation.framework; sourceTree = "<absolute>"; };
		E45BE9770E8CC7DD009D7055 /* CoreServices.framework */ = {isa = PBXFileReference; lastKnownFileType = wrapper.framework; name = CoreServices.framework; path = /System/Library/Frameworks/CoreServices.framework; sourceTree = "<absolute>"; };
		E45BE9790E8CC7DD009D7055 /* OpenGL.framework */ = {isa = PBXFileReference; lastKnownFileType = wrapper.framework; name = OpenGL.framework; path = /System/Library/Frameworks/OpenGL.framework; sourceTree = "<absolute>"; };
		E45BE97A0E8CC7DD009D7055 /* QuickTime.framework */ = {isa = PBXFileReference; lastKnownFileType = wrapper.framework; name = QuickTime.framework; path = /System/Library/Frameworks/QuickTime.framework; sourceTree = "<absolute>"; };
		E4B69B5B0A3A1756003C02F2 /* emptyExampleDebug.app */ = {isa = PBXFileReference; explicitFileType = wrapper.application; includeInIndex = 0; path = emptyExampleDebug.app; sourceTree = BUILT_PRODUCTS_DIR; };
		E4B69E1D0A3A1BDC003C02F2 /* main.cpp */ = {isa = PBXFileReference; fileEncoding = 30; lastKnownFileType = sourcecode.cpp.cpp; name = main.cpp; path = src/main.cpp; sourceTree = SOURCE_ROOT; };
		E4B69E1E0A3A1BDC003C02F2 /* ofApp.cpp */ = {isa = PBXFileReference; explicitFileType = sourcecode.cpp.cpp; fileEncoding = 30; name = ofApp.cpp; path = src/ofApp.cpp; sourceTree = SOURCE_ROOT; };
		E4B69E1F0A3A1BDC003C02F2 /* ofApp.h */ = {isa = PBXFileReference; fileEncoding = 30; lastKnownFileType = sourcecode.c.h; name = ofApp.h; path = src/ofApp.h; sourceTree = SOURCE_ROOT; };
		E4B6FCAD0C3E899E008CF71C /* openFrameworks-Info.plist */ = {isa = PBXFileReference; fileEncoding = 30; lastKnownFileType = text.plist.xml; path = "openFrameworks-Info.plist"; sourceTree = "<group>"; };
		E4C2424410CC5A17004149E2 /* AppKit.framework */ = {isa = PBXFileReference; lastKnownFileType = wrapper.framework; name = AppKit.framework; path = /System/Library/Frameworks/AppKit.framework; sourceTree = "<absolute>"; };
		E4C2424510CC5A17004149E2 /* Cocoa.framework */ = {isa = PBXFileReference; lastKnownFileType = wrapper.framework; name = Cocoa.framework; path = /System/Library/Frameworks/Cocoa.framework; sourceTree = "<absolute>"; };
		E4C2424610CC5A17004149E2 /* IOKit.framework */ = {isa = PBXFileReference; lastKnownFileType = wrapper.framework; name = IOKit.framework; path = /System/Library/Frameworks/IOKit.framework; sourceTree = "<absolute>"; };
		E4EB691F138AFCF100A09F29 /* CoreOF.xcconfig */ = {isa = PBXFileReference; fileEncoding = 4; lastKnownFileType = text.xcconfig; name = CoreOF.xcconfig; path = ../../../libs/openFrameworksCompiled/project/osx/CoreOF.xcconfig; sourceTree = SOURCE_ROOT; };
		E4EB6923138AFD0F00A09F29 /* Project.xcconfig */ = {isa = PBXFileReference; fileEncoding = 4; lastKnownFileType = text.xcconfig; path = Project.xcconfig; sourceTree = "<group>"; };
		E7E077E415D3B63C0020DFD4 /* CoreVideo.framework */ = {isa = PBXFileReference; lastKnownFileType = wrapper.framework; name = CoreVideo.framework; path = /System/Library/Frameworks/CoreVideo.framework; sourceTree = "<absolute>"; };
		E7E077E715D3B6510020DFD4 /* QTKit.framework */ = {isa = PBXFileReference; lastKnownFileType = wrapper.framework; name = QTKit.framework; path = /System/Library/Frameworks/QTKit.framework; sourceTree = "<absolute>"; };
		E7F985F515E0DE99003869B5 /* Accelerate.framework */ = {isa = PBXFileReference; lastKnownFileType = wrapper.framework; name = Accelerate.framework; path = /System/Library/Frameworks/Accelerate.framework; sourceTree = "<absolute>"; };
/* End PBXFileReference section */

/* Begin PBXFrameworksBuildPhase section */
		E4B69B590A3A1756003C02F2 /* Frameworks */ = {
			isa = PBXFrameworksBuildPhase;
			buildActionMask = 2147483647;
			files = (
				08056CBC1992F0E7009F115B /* opencv.a in Frameworks */,
				E7F985F815E0DEA3003869B5 /* Accelerate.framework in Frameworks */,
				E7E077E815D3B6510020DFD4 /* QTKit.framework in Frameworks */,
				08056DCD1992F1D8009F115B /* opencv.a in Frameworks */,
				E4EB6799138ADC1D00A09F29 /* GLUT.framework in Frameworks */,
				E4328149138ABC9F0047C5CB /* openFrameworksDebug.a in Frameworks */,
				E45BE97B0E8CC7DD009D7055 /* AGL.framework in Frameworks */,
				E45BE97C0E8CC7DD009D7055 /* ApplicationServices.framework in Frameworks */,
				E45BE97D0E8CC7DD009D7055 /* AudioToolbox.framework in Frameworks */,
				E45BE97E0E8CC7DD009D7055 /* Carbon.framework in Frameworks */,
				E45BE97F0E8CC7DD009D7055 /* CoreAudio.framework in Frameworks */,
				E45BE9800E8CC7DD009D7055 /* CoreFoundation.framework in Frameworks */,
				E45BE9810E8CC7DD009D7055 /* CoreServices.framework in Frameworks */,
				E45BE9830E8CC7DD009D7055 /* OpenGL.framework in Frameworks */,
				E45BE9840E8CC7DD009D7055 /* QuickTime.framework in Frameworks */,
				E4C2424710CC5A17004149E2 /* AppKit.framework in Frameworks */,
				E4C2424810CC5A17004149E2 /* Cocoa.framework in Frameworks */,
				E4C2424910CC5A17004149E2 /* IOKit.framework in Frameworks */,
				E7E077E515D3B63C0020DFD4 /* CoreVideo.framework in Frameworks */,
			);
			runOnlyForDeploymentPostprocessing = 0;
		};
/* End PBXFrameworksBuildPhase section */

/* Begin PBXGroup section */
		08056C881992F0E7009F115B /* ofxCv */ = {
			isa = PBXGroup;
			children = (
				08056C891992F0E7009F115B /* src */,
				08056C8B1992F0E7009F115B /* libs */,
				08056CAF1992F0E7009F115B /* opencv.a */,
			);
			name = ofxCv;
			sourceTree = "<group>";
		};
		08056C891992F0E7009F115B /* src */ = {
			isa = PBXGroup;
			children = (
				08056C8A1992F0E7009F115B /* ofxCv.h */,
			);
			name = src;
			path = ../../../addons/ofxCv/src;
			sourceTree = "<group>";
		};
		08056C8B1992F0E7009F115B /* libs */ = {
			isa = PBXGroup;
			children = (
				08056C8C1992F0E7009F115B /* .gitignore */,
				08056C8D1992F0E7009F115B /* CLD */,
				08056C971992F0E7009F115B /* ofxCv */,
			);
			name = libs;
			path = ../../../addons/ofxCv/libs;
			sourceTree = "<group>";
		};
		08056C8D1992F0E7009F115B /* CLD */ = {
			isa = PBXGroup;
			children = (
				08056C8E1992F0E7009F115B /* include */,
				08056C941992F0E7009F115B /* src */,
			);
			path = CLD;
			sourceTree = "<group>";
		};
		08056C8E1992F0E7009F115B /* include */ = {
			isa = PBXGroup;
			children = (
				08056C8F1992F0E7009F115B /* CLD */,
			);
			path = include;
			sourceTree = "<group>";
		};
		08056C8F1992F0E7009F115B /* CLD */ = {
			isa = PBXGroup;
			children = (
				08056C901992F0E7009F115B /* ETF.h */,
				08056C911992F0E7009F115B /* fdog.h */,
				08056C921992F0E7009F115B /* imatrix.h */,
				08056C931992F0E7009F115B /* myvec.h */,
			);
			path = CLD;
			sourceTree = "<group>";
		};
		08056C941992F0E7009F115B /* src */ = {
			isa = PBXGroup;
			children = (
				08056C951992F0E7009F115B /* ETF.cpp */,
				08056C961992F0E7009F115B /* fdog.cpp */,
			);
			path = src;
			sourceTree = "<group>";
		};
		08056C971992F0E7009F115B /* ofxCv */ = {
			isa = PBXGroup;
			children = (
				08056C981992F0E7009F115B /* include */,
				08056CA41992F0E7009F115B /* src */,
			);
			path = ofxCv;
			sourceTree = "<group>";
		};
		08056C981992F0E7009F115B /* include */ = {
			isa = PBXGroup;
			children = (
				08056C991992F0E7009F115B /* ofxCv */,
			);
			path = include;
			sourceTree = "<group>";
		};
		08056C991992F0E7009F115B /* ofxCv */ = {
			isa = PBXGroup;
			children = (
				08056C9A1992F0E7009F115B /* Calibration.h */,
				08056C9B1992F0E7009F115B /* ContourFinder.h */,
				08056C9C1992F0E7009F115B /* Distance.h */,
				08056C9D1992F0E7009F115B /* Flow.h */,
				08056C9E1992F0E7009F115B /* Helpers.h */,
				08056C9F1992F0E7009F115B /* ObjectFinder.h */,
				08056CA01992F0E7009F115B /* RunningBackground.h */,
				08056CA11992F0E7009F115B /* Tracker.h */,
				08056CA21992F0E7009F115B /* Utilities.h */,
				08056CA31992F0E7009F115B /* Wrappers.h */,
			);
			path = ofxCv;
			sourceTree = "<group>";
		};
		08056CA41992F0E7009F115B /* src */ = {
			isa = PBXGroup;
			children = (
				08056CA51992F0E7009F115B /* Calibration.cpp */,
				08056CA61992F0E7009F115B /* ContourFinder.cpp */,
				08056CA71992F0E7009F115B /* Distance.cpp */,
				08056CA81992F0E7009F115B /* Flow.cpp */,
				08056CA91992F0E7009F115B /* Helpers.cpp */,
				08056CAA1992F0E7009F115B /* ObjectFinder.cpp */,
				08056CAB1992F0E7009F115B /* RunningBackground.cpp */,
				08056CAC1992F0E7009F115B /* Tracker.cpp */,
				08056CAD1992F0E7009F115B /* Utilities.cpp */,
				08056CAE1992F0E7009F115B /* Wrappers.cpp */,
			);
			path = src;
			sourceTree = "<group>";
		};
		08056CBE1992F1D8009F115B /* ofxOpenCv */ = {
			isa = PBXGroup;
			children = (
				08056CBF1992F1D8009F115B /* src */,
				08056CD11992F1D8009F115B /* libs */,
			);
			name = ofxOpenCv;
			sourceTree = "<group>";
		};
		08056CBF1992F1D8009F115B /* src */ = {
			isa = PBXGroup;
			children = (
				08056CC01992F1D8009F115B /* ofxCvBlob.h */,
				08056CC11992F1D8009F115B /* ofxCvColorImage.cpp */,
				08056CC21992F1D8009F115B /* ofxCvColorImage.h */,
				08056CC31992F1D8009F115B /* ofxCvConstants.h */,
				08056CC41992F1D8009F115B /* ofxCvContourFinder.cpp */,
				08056CC51992F1D8009F115B /* ofxCvContourFinder.h */,
				08056CC61992F1D8009F115B /* ofxCvFloatImage.cpp */,
				08056CC71992F1D8009F115B /* ofxCvFloatImage.h */,
				08056CC81992F1D8009F115B /* ofxCvGrayscaleImage.cpp */,
				08056CC91992F1D8009F115B /* ofxCvGrayscaleImage.h */,
				08056CCA1992F1D8009F115B /* ofxCvHaarFinder.cpp */,
				08056CCB1992F1D8009F115B /* ofxCvHaarFinder.h */,
				08056CCC1992F1D8009F115B /* ofxCvImage.cpp */,
				08056CCD1992F1D8009F115B /* ofxCvImage.h */,
				08056CCE1992F1D8009F115B /* ofxCvShortImage.cpp */,
				08056CCF1992F1D8009F115B /* ofxCvShortImage.h */,
				08056CD01992F1D8009F115B /* ofxOpenCv.h */,
			);
			name = src;
			path = ../../../addons/ofxOpenCv/src;
			sourceTree = "<group>";
		};
		08056CD11992F1D8009F115B /* libs */ = {
			isa = PBXGroup;
			children = (
				08056CD21992F1D8009F115B /* opencv */,
			);
			name = libs;
			path = ../../../addons/ofxOpenCv/libs;
			sourceTree = "<group>";
		};
		08056CD21992F1D8009F115B /* opencv */ = {
			isa = PBXGroup;
			children = (
				08056CD31992F1D8009F115B /* include */,
				08056D351992F1D8009F115B /* lib */,
			);
			path = opencv;
			sourceTree = "<group>";
		};
		08056CD31992F1D8009F115B /* include */ = {
			isa = PBXGroup;
			children = (
				08056CD41992F1D8009F115B /* opencv */,
				08056CE01992F1D8009F115B /* opencv2 */,
			);
			path = include;
			sourceTree = "<group>";
		};
		08056CD41992F1D8009F115B /* opencv */ = {
			isa = PBXGroup;
			children = (
				08056CD51992F1D8009F115B /* cv.h */,
				08056CD61992F1D8009F115B /* cv.hpp */,
				08056CD71992F1D8009F115B /* cvaux.h */,
				08056CD81992F1D8009F115B /* cvaux.hpp */,
				08056CD91992F1D8009F115B /* cvwimage.h */,
				08056CDA1992F1D8009F115B /* cxcore.h */,
				08056CDB1992F1D8009F115B /* cxcore.hpp */,
				08056CDC1992F1D8009F115B /* cxeigen.hpp */,
				08056CDD1992F1D8009F115B /* cxmisc.h */,
				08056CDE1992F1D8009F115B /* highgui.h */,
				08056CDF1992F1D8009F115B /* ml.h */,
			);
			path = opencv;
			sourceTree = "<group>";
		};
		08056CE01992F1D8009F115B /* opencv2 */ = {
			isa = PBXGroup;
			children = (
				08056CE11992F1D8009F115B /* calib3d */,
				08056CE31992F1D8009F115B /* contrib */,
				08056CE61992F1D8009F115B /* core */,
				08056CF01992F1D8009F115B /* features2d */,
				08056CF21992F1D8009F115B /* flann */,
				08056D171992F1D8009F115B /* gpu */,
				08056D1D1992F1D8009F115B /* highgui */,
				08056D201992F1D8009F115B /* imgproc */,
				08056D241992F1D8009F115B /* legacy */,
				08056D291992F1D8009F115B /* ml */,
				08056D2B1992F1D8009F115B /* objdetect */,
				08056D2D1992F1D8009F115B /* opencv.hpp */,
				08056D2E1992F1D8009F115B /* ts */,
				08056D311992F1D8009F115B /* video */,
			);
			path = opencv2;
			sourceTree = "<group>";
		};
		08056CE11992F1D8009F115B /* calib3d */ = {
			isa = PBXGroup;
			children = (
				08056CE21992F1D8009F115B /* calib3d.hpp */,
			);
			path = calib3d;
			sourceTree = "<group>";
		};
		08056CE31992F1D8009F115B /* contrib */ = {
			isa = PBXGroup;
			children = (
				08056CE41992F1D8009F115B /* contrib.hpp */,
				08056CE51992F1D8009F115B /* retina.hpp */,
			);
			path = contrib;
			sourceTree = "<group>";
		};
		08056CE61992F1D8009F115B /* core */ = {
			isa = PBXGroup;
			children = (
				08056CE71992F1D8009F115B /* core.hpp */,
				08056CE81992F1D8009F115B /* core_c.h */,
				08056CE91992F1D8009F115B /* eigen.hpp */,
				08056CEA1992F1D8009F115B /* internal.hpp */,
				08056CEB1992F1D8009F115B /* mat.hpp */,
				08056CEC1992F1D8009F115B /* operations.hpp */,
				08056CED1992F1D8009F115B /* types_c.h */,
				08056CEE1992F1D8009F115B /* version.hpp */,
				08056CEF1992F1D8009F115B /* wimage.hpp */,
			);
			path = core;
			sourceTree = "<group>";
		};
		08056CF01992F1D8009F115B /* features2d */ = {
			isa = PBXGroup;
			children = (
				08056CF11992F1D8009F115B /* features2d.hpp */,
			);
			path = features2d;
			sourceTree = "<group>";
		};
		08056CF21992F1D8009F115B /* flann */ = {
			isa = PBXGroup;
			children = (
				08056CF31992F1D8009F115B /* all_indices.h */,
				08056CF41992F1D8009F115B /* allocator.h */,
				08056CF51992F1D8009F115B /* any.h */,
				08056CF61992F1D8009F115B /* autotuned_index.h */,
				08056CF71992F1D8009F115B /* composite_index.h */,
				08056CF81992F1D8009F115B /* config.h */,
				08056CF91992F1D8009F115B /* defines.h */,
				08056CFA1992F1D8009F115B /* dist.h */,
				08056CFB1992F1D8009F115B /* dummy.h */,
				08056CFC1992F1D8009F115B /* dynamic_bitset.h */,
				08056CFD1992F1D8009F115B /* flann.hpp */,
				08056CFE1992F1D8009F115B /* flann_base.hpp */,
				08056CFF1992F1D8009F115B /* general.h */,
				08056D001992F1D8009F115B /* ground_truth.h */,
				08056D011992F1D8009F115B /* hdf5.h */,
				08056D021992F1D8009F115B /* heap.h */,
				08056D031992F1D8009F115B /* hierarchical_clustering_index.h */,
				08056D041992F1D8009F115B /* index_testing.h */,
				08056D051992F1D8009F115B /* kdtree_index.h */,
				08056D061992F1D8009F115B /* kdtree_single_index.h */,
				08056D071992F1D8009F115B /* kmeans_index.h */,
				08056D081992F1D8009F115B /* linear_index.h */,
				08056D091992F1D8009F115B /* logger.h */,
				08056D0A1992F1D8009F115B /* lsh_index.h */,
				08056D0B1992F1D8009F115B /* lsh_table.h */,
				08056D0C1992F1D8009F115B /* matrix.h */,
				08056D0D1992F1D8009F115B /* miniflann.hpp */,
				08056D0E1992F1D8009F115B /* nn_index.h */,
				08056D0F1992F1D8009F115B /* object_factory.h */,
				08056D101992F1D8009F115B /* params.h */,
				08056D111992F1D8009F115B /* random.h */,
				08056D121992F1D8009F115B /* result_set.h */,
				08056D131992F1D8009F115B /* sampling.h */,
				08056D141992F1D8009F115B /* saving.h */,
				08056D151992F1D8009F115B /* simplex_downhill.h */,
				08056D161992F1D8009F115B /* timer.h */,
			);
			path = flann;
			sourceTree = "<group>";
		};
		08056D171992F1D8009F115B /* gpu */ = {
			isa = PBXGroup;
			children = (
				08056D181992F1D8009F115B /* devmem2d.hpp */,
				08056D191992F1D8009F115B /* gpu.hpp */,
				08056D1A1992F1D8009F115B /* gpumat.hpp */,
				08056D1B1992F1D8009F115B /* matrix_operations.hpp */,
				08056D1C1992F1D8009F115B /* stream_accessor.hpp */,
			);
			path = gpu;
			sourceTree = "<group>";
		};
		08056D1D1992F1D8009F115B /* highgui */ = {
			isa = PBXGroup;
			children = (
				08056D1E1992F1D8009F115B /* highgui.hpp */,
				08056D1F1992F1D8009F115B /* highgui_c.h */,
			);
			path = highgui;
			sourceTree = "<group>";
		};
		08056D201992F1D8009F115B /* imgproc */ = {
			isa = PBXGroup;
			children = (
				08056D211992F1D8009F115B /* imgproc.hpp */,
				08056D221992F1D8009F115B /* imgproc_c.h */,
				08056D231992F1D8009F115B /* types_c.h */,
			);
			path = imgproc;
			sourceTree = "<group>";
		};
		08056D241992F1D8009F115B /* legacy */ = {
			isa = PBXGroup;
			children = (
				08056D251992F1D8009F115B /* blobtrack.hpp */,
				08056D261992F1D8009F115B /* compat.hpp */,
				08056D271992F1D8009F115B /* legacy.hpp */,
				08056D281992F1D8009F115B /* streams.hpp */,
			);
			path = legacy;
			sourceTree = "<group>";
		};
		08056D291992F1D8009F115B /* ml */ = {
			isa = PBXGroup;
			children = (
				08056D2A1992F1D8009F115B /* ml.hpp */,
			);
			path = ml;
			sourceTree = "<group>";
		};
		08056D2B1992F1D8009F115B /* objdetect */ = {
			isa = PBXGroup;
			children = (
				08056D2C1992F1D8009F115B /* objdetect.hpp */,
			);
			path = objdetect;
			sourceTree = "<group>";
		};
		08056D2E1992F1D8009F115B /* ts */ = {
			isa = PBXGroup;
			children = (
				08056D2F1992F1D8009F115B /* ts.hpp */,
				08056D301992F1D8009F115B /* ts_gtest.h */,
			);
			path = ts;
			sourceTree = "<group>";
		};
		08056D311992F1D8009F115B /* video */ = {
			isa = PBXGroup;
			children = (
				08056D321992F1D8009F115B /* background_segm.hpp */,
				08056D331992F1D8009F115B /* tracking.hpp */,
				08056D341992F1D8009F115B /* video.hpp */,
			);
			path = video;
			sourceTree = "<group>";
		};
		08056D351992F1D8009F115B /* lib */ = {
			isa = PBXGroup;
			children = (
				08056D971992F1D8009F115B /* osx */,
			);
			path = lib;
			sourceTree = "<group>";
		};
		08056D971992F1D8009F115B /* osx */ = {
			isa = PBXGroup;
			children = (
				08056D981992F1D8009F115B /* opencv.a */,
			);
			path = osx;
			sourceTree = "<group>";
		};
		08056DCE1992F273009F115B /* ofxGui */ = {
			isa = PBXGroup;
			children = (
				08056DCF1992F273009F115B /* src */,
			);
			name = ofxGui;
			sourceTree = "<group>";
		};
		08056DCF1992F273009F115B /* src */ = {
			isa = PBXGroup;
			children = (
				08056DD01992F273009F115B /* ofxBaseGui.cpp */,
				08056DD11992F273009F115B /* ofxBaseGui.h */,
				08056DD21992F273009F115B /* ofxButton.cpp */,
				08056DD31992F273009F115B /* ofxButton.h */,
				08056DD41992F273009F115B /* ofxGui.h */,
				08056DD51992F273009F115B /* ofxGuiGroup.cpp */,
				08056DD61992F273009F115B /* ofxGuiGroup.h */,
				08056DD71992F273009F115B /* ofxLabel.cpp */,
				08056DD81992F273009F115B /* ofxLabel.h */,
				08056DD91992F273009F115B /* ofxPanel.cpp */,
				08056DDA1992F273009F115B /* ofxPanel.h */,
				08056DDB1992F273009F115B /* ofxSlider.cpp */,
				08056DDC1992F273009F115B /* ofxSlider.h */,
				08056DDD1992F273009F115B /* ofxSliderGroup.cpp */,
				08056DDE1992F273009F115B /* ofxSliderGroup.h */,
				08056DDF1992F273009F115B /* ofxToggle.cpp */,
				08056DE01992F273009F115B /* ofxToggle.h */,
			);
			name = src;
			path = ../../../addons/ofxGui/src;
			sourceTree = "<group>";
		};
		BB4B014C10F69532006C3DED /* addons */ = {
			isa = PBXGroup;
			children = (
				08056DCE1992F273009F115B /* ofxGui */,
				08056CBE1992F1D8009F115B /* ofxOpenCv */,
				08056C881992F0E7009F115B /* ofxCv */,
			);
			name = addons;
			sourceTree = "<group>";
		};
		BBAB23C913894ECA00AA2426 /* system frameworks */ = {
			isa = PBXGroup;
			children = (
				E7F985F515E0DE99003869B5 /* Accelerate.framework */,
				E4C2424410CC5A17004149E2 /* AppKit.framework */,
				E4C2424510CC5A17004149E2 /* Cocoa.framework */,
				E4C2424610CC5A17004149E2 /* IOKit.framework */,
				E45BE9710E8CC7DD009D7055 /* AGL.framework */,
				E45BE9720E8CC7DD009D7055 /* ApplicationServices.framework */,
				E45BE9730E8CC7DD009D7055 /* AudioToolbox.framework */,
				E45BE9740E8CC7DD009D7055 /* Carbon.framework */,
				E45BE9750E8CC7DD009D7055 /* CoreAudio.framework */,
				E45BE9760E8CC7DD009D7055 /* CoreFoundation.framework */,
				E45BE9770E8CC7DD009D7055 /* CoreServices.framework */,
				E45BE9790E8CC7DD009D7055 /* OpenGL.framework */,
				E45BE97A0E8CC7DD009D7055 /* QuickTime.framework */,
				E7E077E415D3B63C0020DFD4 /* CoreVideo.framework */,
				E7E077E715D3B6510020DFD4 /* QTKit.framework */,
			);
			name = "system frameworks";
			sourceTree = "<group>";
		};
		BBAB23CA13894EDB00AA2426 /* 3rd party frameworks */ = {
			isa = PBXGroup;
			children = (
				BBAB23BE13894E4700AA2426 /* GLUT.framework */,
			);
			name = "3rd party frameworks";
			sourceTree = "<group>";
		};
		E4328144138ABC890047C5CB /* Products */ = {
			isa = PBXGroup;
			children = (
				E4328148138ABC890047C5CB /* openFrameworksDebug.a */,
			);
			name = Products;
			sourceTree = "<group>";
		};
		E45BE5980E8CC70C009D7055 /* frameworks */ = {
			isa = PBXGroup;
			children = (
				BBAB23CA13894EDB00AA2426 /* 3rd party frameworks */,
				BBAB23C913894ECA00AA2426 /* system frameworks */,
			);
			name = frameworks;
			sourceTree = "<group>";
		};
		E4B69B4A0A3A1720003C02F2 = {
			isa = PBXGroup;
			children = (
				E4B6FCAD0C3E899E008CF71C /* openFrameworks-Info.plist */,
				E4EB6923138AFD0F00A09F29 /* Project.xcconfig */,
				E4B69E1C0A3A1BDC003C02F2 /* src */,
				E4EEC9E9138DF44700A80321 /* openFrameworks */,
				BB4B014C10F69532006C3DED /* addons */,
				E45BE5980E8CC70C009D7055 /* frameworks */,
				E4B69B5B0A3A1756003C02F2 /* emptyExampleDebug.app */,
			);
			sourceTree = "<group>";
		};
		E4B69E1C0A3A1BDC003C02F2 /* src */ = {
			isa = PBXGroup;
			children = (
				E4B69E1D0A3A1BDC003C02F2 /* main.cpp */,
				E4B69E1E0A3A1BDC003C02F2 /* ofApp.cpp */,
				E4B69E1F0A3A1BDC003C02F2 /* ofApp.h */,
			);
			path = src;
			sourceTree = SOURCE_ROOT;
		};
		E4EEC9E9138DF44700A80321 /* openFrameworks */ = {
			isa = PBXGroup;
			children = (
				E4EB691F138AFCF100A09F29 /* CoreOF.xcconfig */,
				E4328143138ABC890047C5CB /* openFrameworksLib.xcodeproj */,
			);
			name = openFrameworks;
			sourceTree = "<group>";
		};
/* End PBXGroup section */

/* Begin PBXNativeTarget section */
		E4B69B5A0A3A1756003C02F2 /* emptyExample */ = {
			isa = PBXNativeTarget;
			buildConfigurationList = E4B69B5F0A3A1757003C02F2 /* Build configuration list for PBXNativeTarget "emptyExample" */;
			buildPhases = (
				E4B69B580A3A1756003C02F2 /* Sources */,
				E4B69B590A3A1756003C02F2 /* Frameworks */,
				E4B6FFFD0C3F9AB9008CF71C /* ShellScript */,
				E4C2427710CC5ABF004149E2 /* CopyFiles */,
			);
			buildRules = (
			);
			dependencies = (
				E4EEB9AC138B136A00A80321 /* PBXTargetDependency */,
			);
			name = emptyExample;
			productName = myOFApp;
			productReference = E4B69B5B0A3A1756003C02F2 /* emptyExampleDebug.app */;
			productType = "com.apple.product-type.application";
		};
/* End PBXNativeTarget section */

/* Begin PBXProject section */
		E4B69B4C0A3A1720003C02F2 /* Project object */ = {
			isa = PBXProject;
			attributes = {
				LastUpgradeCheck = 0460;
			};
			buildConfigurationList = E4B69B4D0A3A1720003C02F2 /* Build configuration list for PBXProject "emptyExample" */;
			compatibilityVersion = "Xcode 3.2";
			developmentRegion = English;
			hasScannedForEncodings = 0;
			knownRegions = (
				English,
				Japanese,
				French,
				German,
			);
			mainGroup = E4B69B4A0A3A1720003C02F2;
			productRefGroup = E4B69B4A0A3A1720003C02F2;
			projectDirPath = "";
			projectReferences = (
				{
					ProductGroup = E4328144138ABC890047C5CB /* Products */;
					ProjectRef = E4328143138ABC890047C5CB /* openFrameworksLib.xcodeproj */;
				},
			);
			projectRoot = "";
			targets = (
				E4B69B5A0A3A1756003C02F2 /* emptyExample */,
			);
		};
/* End PBXProject section */

/* Begin PBXReferenceProxy section */
		E4328148138ABC890047C5CB /* openFrameworksDebug.a */ = {
			isa = PBXReferenceProxy;
			fileType = archive.ar;
			path = openFrameworksDebug.a;
			remoteRef = E4328147138ABC890047C5CB /* PBXContainerItemProxy */;
			sourceTree = BUILT_PRODUCTS_DIR;
		};
/* End PBXReferenceProxy section */

/* Begin PBXShellScriptBuildPhase section */
		E4B6FFFD0C3F9AB9008CF71C /* ShellScript */ = {
			isa = PBXShellScriptBuildPhase;
			buildActionMask = 2147483647;
			files = (
			);
			inputPaths = (
			);
			outputPaths = (
			);
			runOnlyForDeploymentPostprocessing = 0;
			shellPath = /bin/sh;
			shellScript = "cp -f ../../../libs/fmodex/lib/osx/libfmodex.dylib \"$TARGET_BUILD_DIR/$PRODUCT_NAME.app/Contents/MacOS/libfmodex.dylib\"; install_name_tool -change ./libfmodex.dylib @executable_path/libfmodex.dylib \"$TARGET_BUILD_DIR/$PRODUCT_NAME.app/Contents/MacOS/$PRODUCT_NAME\";\nmkdir -p \"$TARGET_BUILD_DIR/$PRODUCT_NAME.app/Contents/Resources/\"\ncp -f \"$ICON_FILE\" \"$TARGET_BUILD_DIR/$PRODUCT_NAME.app/Contents/Resources/\"\n";
		};
/* End PBXShellScriptBuildPhase section */

/* Begin PBXSourcesBuildPhase section */
		E4B69B580A3A1756003C02F2 /* Sources */ = {
			isa = PBXSourcesBuildPhase;
			buildActionMask = 2147483647;
			files = (
				08056CB71992F0E7009F115B /* ObjectFinder.cpp in Sources */,
				08056DCA1992F1D8009F115B /* ofxCvHaarFinder.cpp in Sources */,
				08056CB61992F0E7009F115B /* Helpers.cpp in Sources */,
				08056CB31992F0E7009F115B /* ContourFinder.cpp in Sources */,
				08056CB51992F0E7009F115B /* Flow.cpp in Sources */,
				08056CB01992F0E7009F115B /* ETF.cpp in Sources */,
				08056DC61992F1D8009F115B /* ofxCvColorImage.cpp in Sources */,
				08056DE41992F273009F115B /* ofxLabel.cpp in Sources */,
				08056DE51992F273009F115B /* ofxPanel.cpp in Sources */,
				08056DE81992F273009F115B /* ofxToggle.cpp in Sources */,
				08056DE31992F273009F115B /* ofxGuiGroup.cpp in Sources */,
				08056CB11992F0E7009F115B /* fdog.cpp in Sources */,
				E4B69E200A3A1BDC003C02F2 /* main.cpp in Sources */,
				08056CB21992F0E7009F115B /* Calibration.cpp in Sources */,
				08056DE21992F273009F115B /* ofxButton.cpp in Sources */,
				08056CB91992F0E7009F115B /* Tracker.cpp in Sources */,
				08056DC91992F1D8009F115B /* ofxCvGrayscaleImage.cpp in Sources */,
				08056DE71992F273009F115B /* ofxSliderGroup.cpp in Sources */,
				08056DCB1992F1D8009F115B /* ofxCvImage.cpp in Sources */,
				E4B69E210A3A1BDC003C02F2 /* ofApp.cpp in Sources */,
				08056CB81992F0E7009F115B /* RunningBackground.cpp in Sources */,
				08056DE61992F273009F115B /* ofxSlider.cpp in Sources */,
				08056CBB1992F0E7009F115B /* Wrappers.cpp in Sources */,
				08056CB41992F0E7009F115B /* Distance.cpp in Sources */,
				08056CBA1992F0E7009F115B /* Utilities.cpp in Sources */,
				08056DCC1992F1D8009F115B /* ofxCvShortImage.cpp in Sources */,
				08056DC81992F1D8009F115B /* ofxCvFloatImage.cpp in Sources */,
				08056DE11992F273009F115B /* ofxBaseGui.cpp in Sources */,
				08056DC71992F1D8009F115B /* ofxCvContourFinder.cpp in Sources */,
			);
			runOnlyForDeploymentPostprocessing = 0;
		};
/* End PBXSourcesBuildPhase section */

/* Begin PBXTargetDependency section */
		E4EEB9AC138B136A00A80321 /* PBXTargetDependency */ = {
			isa = PBXTargetDependency;
			name = openFrameworks;
			targetProxy = E4EEB9AB138B136A00A80321 /* PBXContainerItemProxy */;
		};
/* End PBXTargetDependency section */

/* Begin XCBuildConfiguration section */
		E4B69B4E0A3A1720003C02F2 /* Debug */ = {
			isa = XCBuildConfiguration;
			baseConfigurationReference = E4EB6923138AFD0F00A09F29 /* Project.xcconfig */;
			buildSettings = {
				ARCHS = "$(NATIVE_ARCH)";
				CONFIGURATION_BUILD_DIR = "$(SRCROOT)/bin/";
				COPY_PHASE_STRIP = NO;
				DEAD_CODE_STRIPPING = YES;
				GCC_AUTO_VECTORIZATION = YES;
				GCC_ENABLE_SSE3_EXTENSIONS = YES;
				GCC_ENABLE_SUPPLEMENTAL_SSE3_INSTRUCTIONS = YES;
				GCC_INLINES_ARE_PRIVATE_EXTERN = NO;
				GCC_OPTIMIZATION_LEVEL = 0;
				GCC_SYMBOLS_PRIVATE_EXTERN = NO;
				GCC_WARN_ABOUT_DEPRECATED_FUNCTIONS = YES;
				GCC_WARN_ABOUT_INVALID_OFFSETOF_MACRO = NO;
				GCC_WARN_ALLOW_INCOMPLETE_PROTOCOL = NO;
				GCC_WARN_UNINITIALIZED_AUTOS = NO;
				GCC_WARN_UNUSED_VALUE = NO;
				GCC_WARN_UNUSED_VARIABLE = NO;
				MACOSX_DEPLOYMENT_TARGET = 10.6;
				OTHER_CPLUSPLUSFLAGS = (
					"-D__MACOSX_CORE__",
					"-lpthread",
					"-mtune=native",
				);
				SDKROOT = macosx;
			};
			name = Debug;
		};
		E4B69B4F0A3A1720003C02F2 /* Release */ = {
			isa = XCBuildConfiguration;
			baseConfigurationReference = E4EB6923138AFD0F00A09F29 /* Project.xcconfig */;
			buildSettings = {
				ARCHS = "$(NATIVE_ARCH)";
				CONFIGURATION_BUILD_DIR = "$(SRCROOT)/bin/";
				COPY_PHASE_STRIP = YES;
				DEAD_CODE_STRIPPING = YES;
				GCC_AUTO_VECTORIZATION = YES;
				GCC_ENABLE_SSE3_EXTENSIONS = YES;
				GCC_ENABLE_SUPPLEMENTAL_SSE3_INSTRUCTIONS = YES;
				GCC_INLINES_ARE_PRIVATE_EXTERN = NO;
				GCC_OPTIMIZATION_LEVEL = 3;
				GCC_SYMBOLS_PRIVATE_EXTERN = NO;
				GCC_UNROLL_LOOPS = YES;
				GCC_WARN_ABOUT_DEPRECATED_FUNCTIONS = YES;
				GCC_WARN_ABOUT_INVALID_OFFSETOF_MACRO = NO;
				GCC_WARN_ALLOW_INCOMPLETE_PROTOCOL = NO;
				GCC_WARN_UNINITIALIZED_AUTOS = NO;
				GCC_WARN_UNUSED_VALUE = NO;
				GCC_WARN_UNUSED_VARIABLE = NO;
				MACOSX_DEPLOYMENT_TARGET = 10.6;
				OTHER_CPLUSPLUSFLAGS = (
					"-D__MACOSX_CORE__",
					"-lpthread",
					"-mtune=native",
				);
				SDKROOT = macosx;
			};
			name = Release;
		};
		E4B69B600A3A1757003C02F2 /* Debug */ = {
			isa = XCBuildConfiguration;
			buildSettings = {
				COMBINE_HIDPI_IMAGES = YES;
				COPY_PHASE_STRIP = NO;
				FRAMEWORK_SEARCH_PATHS = (
					"$(inherited)",
					"$(FRAMEWORK_SEARCH_PATHS_QUOTED_FOR_TARGET_1)",
				);
				FRAMEWORK_SEARCH_PATHS_QUOTED_FOR_TARGET_1 = "\"$(SRCROOT)/../../../libs/glut/lib/osx\"";
				GCC_DYNAMIC_NO_PIC = NO;
				GCC_GENERATE_DEBUGGING_SYMBOLS = YES;
				GCC_MODEL_TUNING = NONE;
				ICON = "$(ICON_NAME_DEBUG)";
				ICON_FILE = "$(ICON_FILE_PATH)$(ICON)";
				INFOPLIST_FILE = "openFrameworks-Info.plist";
				INSTALL_PATH = "$(HOME)/Applications";
				LIBRARY_SEARCH_PATHS = (
					"$(inherited)",
					"$(LIBRARY_SEARCH_PATHS_QUOTED_FOR_TARGET_1)",
					"$(LIBRARY_SEARCH_PATHS_QUOTED_FOR_TARGET_2)",
					"$(LIBRARY_SEARCH_PATHS_QUOTED_FOR_TARGET_3)",
					"$(LIBRARY_SEARCH_PATHS_QUOTED_FOR_TARGET_4)",
					"$(LIBRARY_SEARCH_PATHS_QUOTED_FOR_TARGET_5)",
					"$(LIBRARY_SEARCH_PATHS_QUOTED_FOR_TARGET_6)",
					"$(LIBRARY_SEARCH_PATHS_QUOTED_FOR_TARGET_7)",
					"$(LIBRARY_SEARCH_PATHS_QUOTED_FOR_TARGET_8)",
					"$(LIBRARY_SEARCH_PATHS_QUOTED_FOR_TARGET_9)",
					"$(LIBRARY_SEARCH_PATHS_QUOTED_FOR_TARGET_10)",
					"$(LIBRARY_SEARCH_PATHS_QUOTED_FOR_TARGET_11)",
					"$(LIBRARY_SEARCH_PATHS_QUOTED_FOR_TARGET_12)",
					"$(LIBRARY_SEARCH_PATHS_QUOTED_FOR_TARGET_13)",
					"$(LIBRARY_SEARCH_PATHS_QUOTED_FOR_TARGET_14)",
					"$(LIBRARY_SEARCH_PATHS_QUOTED_FOR_TARGET_15)",
					"$(LIBRARY_SEARCH_PATHS_QUOTED_FOR_TARGET_2)",
					"$(LIBRARY_SEARCH_PATHS_QUOTED_FOR_TARGET_3)",
					"$(LIBRARY_SEARCH_PATHS_QUOTED_FOR_TARGET_7)",
					"$(LIBRARY_SEARCH_PATHS_QUOTED_FOR_TARGET_8)",
					"$(LIBRARY_SEARCH_PATHS_QUOTED_FOR_TARGET_9)",
					"$(LIBRARY_SEARCH_PATHS_QUOTED_FOR_TARGET_10)",
					"$(LIBRARY_SEARCH_PATHS_QUOTED_FOR_TARGET_11)",
					"$(LIBRARY_SEARCH_PATHS_QUOTED_FOR_TARGET_12)",
					"$(LIBRARY_SEARCH_PATHS_QUOTED_FOR_TARGET_13)",
					"$(LIBRARY_SEARCH_PATHS_QUOTED_FOR_TARGET_16)",
					"$(LIBRARY_SEARCH_PATHS_QUOTED_FOR_TARGET_17)",
					"$(LIBRARY_SEARCH_PATHS_QUOTED_FOR_TARGET_18)",
					"$(LIBRARY_SEARCH_PATHS_QUOTED_FOR_TARGET_19)",
					"$(LIBRARY_SEARCH_PATHS_QUOTED_FOR_TARGET_20)",
					"$(LIBRARY_SEARCH_PATHS_QUOTED_FOR_TARGET_21)",
					"$(LIBRARY_SEARCH_PATHS_QUOTED_FOR_TARGET_22)",
					"$(LIBRARY_SEARCH_PATHS_QUOTED_FOR_TARGET_23)",
					"$(LIBRARY_SEARCH_PATHS_QUOTED_FOR_TARGET_24)",
					"$(LIBRARY_SEARCH_PATHS_QUOTED_FOR_TARGET_25)",
					"$(LIBRARY_SEARCH_PATHS_QUOTED_FOR_TARGET_26)",
					"$(LIBRARY_SEARCH_PATHS_QUOTED_FOR_TARGET_27)",
					"$(LIBRARY_SEARCH_PATHS_QUOTED_FOR_TARGET_28)",
					"$(LIBRARY_SEARCH_PATHS_QUOTED_FOR_TARGET_29)",
					"$(LIBRARY_SEARCH_PATHS_QUOTED_FOR_TARGET_30)",
					"$(LIBRARY_SEARCH_PATHS_QUOTED_FOR_TARGET_31)",
					"$(LIBRARY_SEARCH_PATHS_QUOTED_FOR_TARGET_32)",
					"$(LIBRARY_SEARCH_PATHS_QUOTED_FOR_TARGET_33)",
					"$(LIBRARY_SEARCH_PATHS_QUOTED_FOR_TARGET_34)",
					"$(LIBRARY_SEARCH_PATHS_QUOTED_FOR_TARGET_35)",
					"$(LIBRARY_SEARCH_PATHS_QUOTED_FOR_TARGET_36)",
					"$(LIBRARY_SEARCH_PATHS_QUOTED_FOR_TARGET_37)",
					"$(LIBRARY_SEARCH_PATHS_QUOTED_FOR_TARGET_38)",
					"$(LIBRARY_SEARCH_PATHS_QUOTED_FOR_TARGET_39)",
					"$(LIBRARY_SEARCH_PATHS_QUOTED_FOR_TARGET_40)",
					"$(LIBRARY_SEARCH_PATHS_QUOTED_FOR_TARGET_41)",
					"$(LIBRARY_SEARCH_PATHS_QUOTED_FOR_TARGET_42)",
					"$(LIBRARY_SEARCH_PATHS_QUOTED_FOR_TARGET_43)",
					"$(LIBRARY_SEARCH_PATHS_QUOTED_FOR_TARGET_44)",
					"$(LIBRARY_SEARCH_PATHS_QUOTED_FOR_TARGET_45)",
					"$(LIBRARY_SEARCH_PATHS_QUOTED_FOR_TARGET_46)",
					"$(LIBRARY_SEARCH_PATHS_QUOTED_FOR_TARGET_47)",
					"$(LIBRARY_SEARCH_PATHS_QUOTED_FOR_TARGET_48)",
					"$(LIBRARY_SEARCH_PATHS_QUOTED_FOR_TARGET_49)",
					"$(LIBRARY_SEARCH_PATHS_QUOTED_FOR_TARGET_50)",
					"$(LIBRARY_SEARCH_PATHS_QUOTED_FOR_TARGET_51)",
					"$(LIBRARY_SEARCH_PATHS_QUOTED_FOR_TARGET_52)",
					/Users/wswi/Desktop/PROGRAM/OF/openFrameworks/addons/ofxOpenCv/libs/opencv/lib/osx,
				);
				PRODUCT_NAME = "$(TARGET_NAME)Debug";
				USER_HEADER_SEARCH_PATHS = "../../../addons/ofxOpenCv/libs/opencv/include/ ../../../addons/ofxCv/libs/ofxCv/include/ ../../../addons/ofxOpenCv/libs/opencv/include/ ../../../addons/ofxCv/libs/ofxCv/include/";
				WRAPPER_EXTENSION = app;
			};
			name = Debug;
		};
		E4B69B610A3A1757003C02F2 /* Release */ = {
			isa = XCBuildConfiguration;
			buildSettings = {
				COMBINE_HIDPI_IMAGES = YES;
				COPY_PHASE_STRIP = YES;
				FRAMEWORK_SEARCH_PATHS = (
					"$(inherited)",
					"$(FRAMEWORK_SEARCH_PATHS_QUOTED_FOR_TARGET_1)",
				);
				FRAMEWORK_SEARCH_PATHS_QUOTED_FOR_TARGET_1 = "\"$(SRCROOT)/../../../libs/glut/lib/osx\"";
				GCC_GENERATE_DEBUGGING_SYMBOLS = YES;
				GCC_MODEL_TUNING = NONE;
				ICON = "$(ICON_NAME_RELEASE)";
				ICON_FILE = "$(ICON_FILE_PATH)$(ICON)";
				INFOPLIST_FILE = "openFrameworks-Info.plist";
				INSTALL_PATH = "$(HOME)/Applications";
				LIBRARY_SEARCH_PATHS = (
					"$(inherited)",
					"$(LIBRARY_SEARCH_PATHS_QUOTED_FOR_TARGET_1)",
					"$(LIBRARY_SEARCH_PATHS_QUOTED_FOR_TARGET_2)",
					"$(LIBRARY_SEARCH_PATHS_QUOTED_FOR_TARGET_3)",
					"$(LIBRARY_SEARCH_PATHS_QUOTED_FOR_TARGET_4)",
					"$(LIBRARY_SEARCH_PATHS_QUOTED_FOR_TARGET_5)",
					"$(LIBRARY_SEARCH_PATHS_QUOTED_FOR_TARGET_6)",
					"$(LIBRARY_SEARCH_PATHS_QUOTED_FOR_TARGET_7)",
					"$(LIBRARY_SEARCH_PATHS_QUOTED_FOR_TARGET_8)",
					"$(LIBRARY_SEARCH_PATHS_QUOTED_FOR_TARGET_9)",
					"$(LIBRARY_SEARCH_PATHS_QUOTED_FOR_TARGET_10)",
					"$(LIBRARY_SEARCH_PATHS_QUOTED_FOR_TARGET_11)",
					"$(LIBRARY_SEARCH_PATHS_QUOTED_FOR_TARGET_12)",
					"$(LIBRARY_SEARCH_PATHS_QUOTED_FOR_TARGET_13)",
					"$(LIBRARY_SEARCH_PATHS_QUOTED_FOR_TARGET_14)",
					"$(LIBRARY_SEARCH_PATHS_QUOTED_FOR_TARGET_15)",
					"$(LIBRARY_SEARCH_PATHS_QUOTED_FOR_TARGET_2)",
					"$(LIBRARY_SEARCH_PATHS_QUOTED_1)",
					"$(LIBRARY_SEARCH_PATHS_QUOTED_FOR_TARGET_3)",
					"$(LIBRARY_SEARCH_PATHS_QUOTED_FOR_TARGET_7)",
					"$(LIBRARY_SEARCH_PATHS_QUOTED_FOR_TARGET_8)",
					"$(LIBRARY_SEARCH_PATHS_QUOTED_FOR_TARGET_9)",
					"$(LIBRARY_SEARCH_PATHS_QUOTED_FOR_TARGET_10)",
					"$(LIBRARY_SEARCH_PATHS_QUOTED_FOR_TARGET_11)",
					"$(LIBRARY_SEARCH_PATHS_QUOTED_FOR_TARGET_12)",
					"$(LIBRARY_SEARCH_PATHS_QUOTED_FOR_TARGET_13)",
					"$(LIBRARY_SEARCH_PATHS_QUOTED_FOR_TARGET_16)",
					"$(LIBRARY_SEARCH_PATHS_QUOTED_FOR_TARGET_17)",
					"$(LIBRARY_SEARCH_PATHS_QUOTED_FOR_TARGET_18)",
					"$(LIBRARY_SEARCH_PATHS_QUOTED_FOR_TARGET_19)",
					"$(LIBRARY_SEARCH_PATHS_QUOTED_FOR_TARGET_20)",
					"$(LIBRARY_SEARCH_PATHS_QUOTED_FOR_TARGET_21)",
					"$(LIBRARY_SEARCH_PATHS_QUOTED_FOR_TARGET_22)",
					"$(LIBRARY_SEARCH_PATHS_QUOTED_FOR_TARGET_23)",
					"$(LIBRARY_SEARCH_PATHS_QUOTED_FOR_TARGET_24)",
					"$(LIBRARY_SEARCH_PATHS_QUOTED_FOR_TARGET_25)",
					"$(LIBRARY_SEARCH_PATHS_QUOTED_FOR_TARGET_26)",
					"$(LIBRARY_SEARCH_PATHS_QUOTED_FOR_TARGET_27)",
					"$(LIBRARY_SEARCH_PATHS_QUOTED_FOR_TARGET_28)",
					"$(LIBRARY_SEARCH_PATHS_QUOTED_FOR_TARGET_29)",
					"$(LIBRARY_SEARCH_PATHS_QUOTED_FOR_TARGET_30)",
					"$(LIBRARY_SEARCH_PATHS_QUOTED_FOR_TARGET_31)",
					"$(LIBRARY_SEARCH_PATHS_QUOTED_FOR_TARGET_32)",
					"$(LIBRARY_SEARCH_PATHS_QUOTED_FOR_TARGET_33)",
					"$(LIBRARY_SEARCH_PATHS_QUOTED_FOR_TARGET_34)",
					"$(LIBRARY_SEARCH_PATHS_QUOTED_FOR_TARGET_35)",
					"$(LIBRARY_SEARCH_PATHS_QUOTED_FOR_TARGET_36)",
					"$(LIBRARY_SEARCH_PATHS_QUOTED_FOR_TARGET_37)",
					"$(LIBRARY_SEARCH_PATHS_QUOTED_FOR_TARGET_38)",
					"$(LIBRARY_SEARCH_PATHS_QUOTED_FOR_TARGET_39)",
					"$(LIBRARY_SEARCH_PATHS_QUOTED_FOR_TARGET_40)",
					"$(LIBRARY_SEARCH_PATHS_QUOTED_FOR_TARGET_41)",
					"$(LIBRARY_SEARCH_PATHS_QUOTED_FOR_TARGET_42)",
					"$(LIBRARY_SEARCH_PATHS_QUOTED_FOR_TARGET_43)",
					"$(LIBRARY_SEARCH_PATHS_QUOTED_FOR_TARGET_44)",
					"$(LIBRARY_SEARCH_PATHS_QUOTED_FOR_TARGET_45)",
					"$(LIBRARY_SEARCH_PATHS_QUOTED_FOR_TARGET_46)",
					"$(LIBRARY_SEARCH_PATHS_QUOTED_FOR_TARGET_47)",
					"$(LIBRARY_SEARCH_PATHS_QUOTED_FOR_TARGET_48)",
					"$(LIBRARY_SEARCH_PATHS_QUOTED_FOR_TARGET_49)",
					"$(LIBRARY_SEARCH_PATHS_QUOTED_FOR_TARGET_50)",
					"$(LIBRARY_SEARCH_PATHS_QUOTED_FOR_TARGET_51)",
					/Users/wswi/Desktop/PROGRAM/OF/openFrameworks/addons/ofxOpenCv/libs/opencv/lib/osx,
				);
				PRODUCT_NAME = "$(TARGET_NAME)";
				USER_HEADER_SEARCH_PATHS = "../../../addons/ofxOpenCv/libs/opencv/include/ ../../../addons/ofxCv/libs/ofxCv/include/ ../../../addons/ofxOpenCv/libs/opencv/include/ ../../../addons/ofxCv/libs/ofxCv/include/";
				WRAPPER_EXTENSION = app;
			};
			name = Release;
		};
/* End XCBuildConfiguration section */

/* Begin XCConfigurationList section */
		E4B69B4D0A3A1720003C02F2 /* Build configuration list for PBXProject "emptyExample" */ = {
			isa = XCConfigurationList;
			buildConfigurations = (
				E4B69B4E0A3A1720003C02F2 /* Debug */,
				E4B69B4F0A3A1720003C02F2 /* Release */,
			);
			defaultConfigurationIsVisible = 0;
			defaultConfigurationName = Release;
		};
		E4B69B5F0A3A1757003C02F2 /* Build configuration list for PBXNativeTarget "emptyExample" */ = {
			isa = XCConfigurationList;
			buildConfigurations = (
				E4B69B600A3A1757003C02F2 /* Debug */,
				E4B69B610A3A1757003C02F2 /* Release */,
			);
			defaultConfigurationIsVisible = 0;
			defaultConfigurationName = Release;
		};
/* End XCConfigurationList section */
	};
	rootObject = E4B69B4C0A3A1720003C02F2 /* Project object */;
}
